
Microsoft Visual Studio Solution File, Format Version 12.00
# Visual Studio Version 17
VisualStudioVersion = 17.14.36109.1 d17.14
MinimumVisualStudioVersion = 10.0.40219.1
Project("{FAE04EC0-301F-11D3-BF4B-00C04F79EFBC}") = "MiniDeliveryBackend.Business", "MiniDeliveryBackend.Business.csproj", "{B6B01ED8-B18C-4295-BEEC-ED6BFE62239C}"
EndProject
Global
	GlobalSection(SolutionConfigurationPlatforms) = preSolution
		Debug|Any CPU = Debug|Any CPU
		Release|Any CPU = Release|Any CPU
	EndGlobalSection
	GlobalSection(ProjectConfigurationPlatforms) = postSolution
		{B6B01ED8-B18C-4295-BEEC-ED6BFE62239C}.Debug|Any CPU.ActiveCfg = Debug|Any CPU
		{B6B01ED8-B18C-4295-BEEC-ED6BFE62239C}.Debug|Any CPU.Build.0 = Debug|Any CPU
		{B6B01ED8-B18C-4295-BEEC-ED6BFE62239C}.Release|Any CPU.ActiveCfg = Release|Any CPU
		{B6B01ED8-B18C-4295-BEEC-ED6BFE62239C}.Release|Any CPU.Build.0 = Release|Any CPU
	EndGlobalSection
	GlobalSection(SolutionProperties) = preSolution
		HideSolutionNode = FALSE
	EndGlobalSection
	GlobalSection(ExtensibilityGlobals) = postSolution
		SolutionGuid = {427F99AB-6CDC-4252-AC16-9D792080CB7C}
	EndGlobalSection
EndGlobal
